
Microsoft Visual Studio Solution File, Format Version 12.00
# Visual Studio Version 17
VisualStudioVersion = 17.13.35828.75 d17.13
MinimumVisualStudioVersion = 10.0.40219.1
Project("{FAE04EC0-301F-11D3-BF4B-00C04F79EFBC}") = "CourseWork", "CourseWork\CourseWork.csproj", "{D73EEFC0-3B92-4367-BE9E-CA401A6F3566}"
EndProject
Global
	GlobalSection(SolutionConfigurationPlatforms) = preSolution
		Debug|Any CPU = Debug|Any CPU
		Release|Any CPU = Release|Any CPU
	EndGlobalSection
	GlobalSection(ProjectConfigurationPlatforms) = postSolution
		{D73EEFC0-3B92-4367-BE9E-CA401A6F3566}.Debug|Any CPU.ActiveCfg = Debug|Any CPU
		{D73EEFC0-3B92-4367-BE9E-CA401A6F3566}.Debug|Any CPU.Build.0 = Debug|Any CPU
		{D73EEFC0-3B92-4367-BE9E-CA401A6F3566}.Release|Any CPU.ActiveCfg = Release|Any CPU
		{D73EEFC0-3B92-4367-BE9E-CA401A6F3566}.Release|Any CPU.Build.0 = Release|Any CPU
	EndGlobalSection
	GlobalSection(SolutionProperties) = preSolution
		HideSolutionNode = FALSE
	EndGlobalSection
	GlobalSection(ExtensibilityGlobals) = postSolution
		SolutionGuid = {24EF0A87-01F7-4E76-B8B4-778C087116C4}
	EndGlobalSection
EndGlobal
