
Microsoft Visual Studio Solution File, Format Version 12.00
# Visual Studio Version 17
VisualStudioVersion = 17.6.33829.357
MinimumVisualStudioVersion = 10.0.40219.1
Project("{FAE04EC0-301F-11D3-BF4B-00C04F79EFBC}") = "belousov_1012_2", "belousov_1012_2\belousov_1012_2.csproj", "{CE3D9EB7-F9BA-40C1-8621-363D462D5532}"
EndProject
Global
	GlobalSection(SolutionConfigurationPlatforms) = preSolution
		Debug|Any CPU = Debug|Any CPU
		Release|Any CPU = Release|Any CPU
	EndGlobalSection
	GlobalSection(ProjectConfigurationPlatforms) = postSolution
		{CE3D9EB7-F9BA-40C1-8621-363D462D5532}.Debug|Any CPU.ActiveCfg = Debug|Any CPU
		{CE3D9EB7-F9BA-40C1-8621-363D462D5532}.Debug|Any CPU.Build.0 = Debug|Any CPU
		{CE3D9EB7-F9BA-40C1-8621-363D462D5532}.Release|Any CPU.ActiveCfg = Release|Any CPU
		{CE3D9EB7-F9BA-40C1-8621-363D462D5532}.Release|Any CPU.Build.0 = Release|Any CPU
	EndGlobalSection
	GlobalSection(SolutionProperties) = preSolution
		HideSolutionNode = FALSE
	EndGlobalSection
	GlobalSection(ExtensibilityGlobals) = postSolution
		SolutionGuid = {4FF56176-F934-478B-B739-1D5F57742E9A}
	EndGlobalSection
EndGlobal
